Microsoft Visual Studio Solution File, Format Version 12.00
# Visual Studio Version 17
VisualStudioVersion = 17.5.2.0
MinimumVisualStudioVersion = 10.0.40219.1
Project("{FAE04EC0-301F-11D3-BF4B-00C04F79EFBC}") = "ProjetoMusic", "ProjetoMusic.csproj", "{45FAE91E-6A20-CC13-A921-39D6624BA123}"
EndProject
Global
	GlobalSection(SolutionConfigurationPlatforms) = preSolution
		Debug|Any CPU = Debug|Any CPU
		Release|Any CPU = Release|Any CPU
	EndGlobalSection
	GlobalSection(ProjectConfigurationPlatforms) = postSolution
		{45FAE91E-6A20-CC13-A921-39D6624BA123}.Debug|Any CPU.ActiveCfg = Debug|Any CPU
		{45FAE91E-6A20-CC13-A921-39D6624BA123}.Debug|Any CPU.Build.0 = Debug|Any CPU
		{45FAE91E-6A20-CC13-A921-39D6624BA123}.Release|Any CPU.ActiveCfg = Release|Any CPU
		{45FAE91E-6A20-CC13-A921-39D6624BA123}.Release|Any CPU.Build.0 = Release|Any CPU
	EndGlobalSection
	GlobalSection(SolutionProperties) = preSolution
		HideSolutionNode = FALSE
	EndGlobalSection
	GlobalSection(ExtensibilityGlobals) = postSolution
		SolutionGuid = {726FA8E7-78C2-4F3D-81A0-4ABB10E97D76}
	EndGlobalSection
EndGlobal
